// !$*UTF8*$!
{
	archiveVersion = 1;
	classes = {
	};
	objectVersion = 46;
	objects = {

/* Begin PBXBuildFile section */
		18B314B41A6043D600BDFAE6 /* main.m in Sources */ = {isa = PBXBuildFile; fileRef = 18B314B31A6043D600BDFAE6 /* main.m */; };
		18B314B71A6043D600BDFAE6 /* AppDelegate.m in Sources */ = {isa = PBXBuildFile; fileRef = 18B314B61A6043D600BDFAE6 /* AppDelegate.m */; };
		18B314BA1A6043D600BDFAE6 /* ViewController.m in Sources */ = {isa = PBXBuildFile; fileRef = 18B314B91A6043D600BDFAE6 /* ViewController.m */; };
		18B314BD1A6043D600BDFAE6 /* Main.storyboard in Resources */ = {isa = PBXBuildFile; fileRef = 18B314BB1A6043D600BDFAE6 /* Main.storyboard */; };
		18B314BF1A6043D600BDFAE6 /* Images.xcassets in Resources */ = {isa = PBXBuildFile; fileRef = 18B314BE1A6043D600BDFAE6 /* Images.xcassets */; };
		18B314C21A6043D600BDFAE6 /* LaunchScreen.xib in Resources */ = {isa = PBXBuildFile; fileRef = 18B314C01A6043D600BDFAE6 /* LaunchScreen.xib */; };
		18B314CE1A6043D700BDFAE6 /* codeChallenge1Tests.m in Sources */ = {isa = PBXBuildFile; fileRef = 18B314CD1A6043D700BDFAE6 /* codeChallenge1Tests.m */; };
/* End PBXBuildFile section */

/* Begin PBXContainerItemProxy section */
		18B314C81A6043D700BDFAE6 /* PBXContainerItemProxy */ = {
			isa = PBXContainerItemProxy;
			containerPortal = 18B314A61A6043D600BDFAE6 /* Project object */;
			proxyType = 1;
			remoteGlobalIDString = 18B314AD1A6043D600BDFAE6;
			remoteInfo = codeChallenge1;
		};
/* End PBXContainerItemProxy section */

/* Begin PBXFileReference section */
		18B314AE1A6043D600BDFAE6 /* codeChallenge1.app */ = {isa = PBXFileReference; explicitFileType = wrapper.application; includeInIndex = 0; path = codeChallenge1.app; sourceTree = BUILT_PRODUCTS_DIR; };
		18B314B21A6043D600BDFAE6 /* Info.plist */ = {isa = PBXFileReference; lastKnownFileType = text.plist.xml; path = Info.plist; sourceTree = "<group>"; };
		18B314B31A6043D600BDFAE6 /* main.m */ = {isa = PBXFileReference; lastKnownFileType = sourcecode.c.objc; path = main.m; sourceTree = "<group>"; };
		18B314B51A6043D600BDFAE6 /* AppDelegate.h */ = {isa = PBXFileReference; lastKnownFileType = sourcecode.c.h; path = AppDelegate.h; sourceTree = "<group>"; };
		18B314B61A6043D600BDFAE6 /* AppDelegate.m */ = {isa = PBXFileReference; lastKnownFileType = sourcecode.c.objc; path = AppDelegate.m; sourceTree = "<group>"; };
		18B314B81A6043D600BDFAE6 /* ViewController.h */ = {isa = PBXFileReference; lastKnownFileType = sourcecode.c.h; path = ViewController.h; sourceTree = "<group>"; };
		18B314B91A6043D600BDFAE6 /* ViewController.m */ = {isa = PBXFileReference; lastKnownFileType = sourcecode.c.objc; path = ViewController.m; sourceTree = "<group>"; };
		18B314BC1A6043D600BDFAE6 /* Base */ = {isa = PBXFileReference; lastKnownFileType = file.storyboard; name = Base; path = Base.lproj/Main.storyboard; sourceTree = "<group>"; };
		18B314BE1A6043D600BDFAE6 /* Images.xcassets */ = {isa = PBXFileReference; lastKnownFileType = folder.assetcatalog; path = Images.xcassets; sourceTree = "<group>"; };
		18B314C11A6043D600BDFAE6 /* Base */ = {isa = PBXFileReference; lastKnownFileType = file.xib; name = Base; path = Base.lproj/LaunchScreen.xib; sourceTree = "<group>"; };
		18B314C71A6043D700BDFAE6 /* codeChallenge1Tests.xctest */ = {isa = PBXFileReference; explicitFileType = wrapper.cfbundle; includeInIndex = 0; path = codeChallenge1Tests.xctest; sourceTree = BUILT_PRODUCTS_DIR; };
		18B314CC1A6043D700BDFAE6 /* Info.plist */ = {isa = PBXFileReference; lastKnownFileType = text.plist.xml; path = Info.plist; sourceTree = "<group>"; };
		18B314CD1A6043D700BDFAE6 /* codeChallenge1Tests.m */ = {isa = PBXFileReference; lastKnownFileType = sourcecode.c.objc; path = codeChallenge1Tests.m; sourceTree = "<group>"; };
/* End PBXFileReference section */

/* Begin PBXFrameworksBuildPhase section */
		18B314AB1A6043D600BDFAE6 /* Frameworks */ = {
			isa = PBXFrameworksBuildPhase;
			buildActionMask = 2147483647;
			files = (
			);
			runOnlyForDeploymentPostprocessing = 0;
		};
		18B314C41A6043D700BDFAE6 /* Frameworks */ = {
			isa = PBXFrameworksBuildPhase;
			buildActionMask = 2147483647;
			files = (
			);
			runOnlyForDeploymentPostprocessing = 0;
		};
/* End PBXFrameworksBuildPhase section */

/* Begin PBXGroup section */
		18B314A51A6043D600BDFAE6 = {
			isa = PBXGroup;
			children = (
				18B314B01A6043D600BDFAE6 /* codeChallenge1 */,
				18B314CA1A6043D700BDFAE6 /* codeChallenge1Tests */,
				18B314AF1A6043D600BDFAE6 /* Products */,
			);
			sourceTree = "<group>";
		};
		18B314AF1A6043D600BDFAE6 /* Products */ = {
			isa = PBXGroup;
			children = (
				18B314AE1A6043D600BDFAE6 /* codeChallenge1.app */,
				18B314C71A6043D700BDFAE6 /* codeChallenge1Tests.xctest */,
			);
			name = Products;
			sourceTree = "<group>";
		};
		18B314B01A6043D600BDFAE6 /* codeChallenge1 */ = {
			isa = PBXGroup;
			children = (
				18B314B51A6043D600BDFAE6 /* AppDelegate.h */,
				18B314B61A6043D600BDFAE6 /* AppDelegate.m */,
				18B314B81A6043D600BDFAE6 /* ViewController.h */,
				18B314B91A6043D600BDFAE6 /* ViewController.m */,
				18B314BB1A6043D600BDFAE6 /* Main.storyboard */,
				18B314BE1A6043D600BDFAE6 /* Images.xcassets */,
				18B314C01A6043D600BDFAE6 /* LaunchScreen.xib */,
				18B314B11A6043D600BDFAE6 /* Supporting Files */,
			);
			path = codeChallenge1;
			sourceTree = "<group>";
		};
		18B314B11A6043D600BDFAE6 /* Supporting Files */ = {
			isa = PBXGroup;
			children = (
				18B314B21A6043D600BDFAE6 /* Info.plist */,
				18B314B31A6043D600BDFAE6 /* main.m */,
			);
			name = "Supporting Files";
			sourceTree = "<group>";
		};
		18B314CA1A6043D700BDFAE6 /* codeChallenge1Tests */ = {
			isa = PBXGroup;
			children = (
				18B314CD1A6043D700BDFAE6 /* codeChallenge1Tests.m */,
				18B314CB1A6043D700BDFAE6 /* Supporting Files */,
			);
			path = codeChallenge1Tests;
			sourceTree = "<group>";
		};
		18B314CB1A6043D700BDFAE6 /* Supporting Files */ = {
			isa = PBXGroup;
			children = (
				18B314CC1A6043D700BDFAE6 /* Info.plist */,
			);
			name = "Supporting Files";
			sourceTree = "<group>";
		};
/* End PBXGroup section */

/* Begin PBXNativeTarget section */
		18B314AD1A6043D600BDFAE6 /* codeChallenge1 */ = {
			isa = PBXNativeTarget;
			buildConfigurationList = 18B314D11A6043D700BDFAE6 /* Build configuration list for PBXNativeTarget "codeChallenge1" */;
			buildPhases = (
				18B314AA1A6043D600BDFAE6 /* Sources */,
				18B314AB1A6043D600BDFAE6 /* Frameworks */,
				18B314AC1A6043D600BDFAE6 /* Resources */,
			);
			buildRules = (
			);
			dependencies = (
			);
			name = codeChallenge1;
			productName = codeChallenge1;
			productReference = 18B314AE1A6043D600BDFAE6 /* codeChallenge1.app */;
			productType = "com.apple.product-type.application";
		};
		18B314C61A6043D700BDFAE6 /* codeChallenge1Tests */ = {
			isa = PBXNativeTarget;
			buildConfigurationList = 18B314D41A6043D700BDFAE6 /* Build configuration list for PBXNativeTarget "codeChallenge1Tests" */;
			buildPhases = (
				18B314C31A6043D700BDFAE6 /* Sources */,
				18B314C41A6043D700BDFAE6 /* Frameworks */,
				18B314C51A6043D700BDFAE6 /* Resources */,
			);
			buildRules = (
			);
			dependencies = (
				18B314C91A6043D700BDFAE6 /* PBXTargetDependency */,
			);
			name = codeChallenge1Tests;
			productName = codeChallenge1Tests;
			productReference = 18B314C71A6043D700BDFAE6 /* codeChallenge1Tests.xctest */;
			productType = "com.apple.product-type.bundle.unit-test";
		};
/* End PBXNativeTarget section */

/* Begin PBXProject section */
		18B314A61A6043D600BDFAE6 /* Project object */ = {
			isa = PBXProject;
			attributes = {
				LastUpgradeCheck = 0620;
				ORGANIZATIONNAME = MobileMakers;
				TargetAttributes = {
					18B314AD1A6043D600BDFAE6 = {
						CreatedOnToolsVersion = 6.2;
					};
					18B314C61A6043D700BDFAE6 = {
						CreatedOnToolsVersion = 6.2;
						TestTargetID = 18B314AD1A6043D600BDFAE6;
					};
				};
			};
			buildConfigurationList = 18B314A91A6043D600BDFAE6 /* Build configuration list for PBXProject "codeChallenge1" */;
			compatibilityVersion = "Xcode 3.2";
			developmentRegion = English;
			hasScannedForEncodings = 0;
			knownRegions = (
				en,
				Base,
			);
			mainGroup = 18B314A51A6043D600BDFAE6;
			productRefGroup = 18B314AF1A6043D600BDFAE6 /* Products */;
			projectDirPath = "";
			projectRoot = "";
			targets = (
				18B314AD1A6043D600BDFAE6 /* codeChallenge1 */,
				18B314C61A6043D700BDFAE6 /* codeChallenge1Tests */,
			);
		};
/* End PBXProject section */

/* Begin PBXResourcesBuildPhase section */
		18B314AC1A6043D600BDFAE6 /* Resources */ = {
			isa = PBXResourcesBuildPhase;
			buildActionMask = 2147483647;
			files = (
				18B314BD1A6043D600BDFAE6 /* Main.storyboard in Resources */,
				18B314C21A6043D600BDFAE6 /* LaunchScreen.xib in Resources */,
				18B314BF1A6043D600BDFAE6 /* Images.xcassets in Resources */,
			);
			runOnlyForDeploymentPostprocessing = 0;
		};
		18B314C51A6043D700BDFAE6 /* Resources */ = {
			isa = PBXResourcesBuildPhase;
			buildActionMask = 2147483647;
			files = (
			);
			runOnlyForDeploymentPostprocessing = 0;
		};
/* End PBXResourcesBuildPhase section */

/* Begin PBXSourcesBuildPhase section */
		18B314AA1A6043D600BDFAE6 /* Sources */ = {
			isa = PBXSourcesBuildPhase;
			buildActionMask = 2147483647;
			files = (
				18B314BA1A6043D600BDFAE6 /* ViewController.m in Sources */,
				18B314B71A6043D600BDFAE6 /* AppDelegate.m in Sources */,
				18B314B41A6043D600BDFAE6 /* main.m in Sources */,
			);
			runOnlyForDeploymentPostprocessing = 0;
		};
		18B314C31A6043D700BDFAE6 /* Sources */ = {
			isa = PBXSourcesBuildPhase;
			buildActionMask = 2147483647;
			files = (
				18B314CE1A6043D700BDFAE6 /* codeChallenge1Tests.m in Sources */,
			);
			runOnlyForDeploymentPostprocessing = 0;
		};
/* End PBXSourcesBuildPhase section */

/* Begin PBXTargetDependency section */
		18B314C91A6043D700BDFAE6 /* PBXTargetDependency */ = {
			isa = PBXTargetDependency;
			target = 18B314AD1A6043D600BDFAE6 /* codeChallenge1 */;
			targetProxy = 18B314C81A6043D700BDFAE6 /* PBXContainerItemProxy */;
		};
/* End PBXTargetDependency section */

/* Begin PBXVariantGroup section */
		18B314BB1A6043D600BDFAE6 /* Main.storyboard */ = {
			isa = PBXVariantGroup;
			children = (
				18B314BC1A6043D600BDFAE6 /* Base */,
			);
			name = Main.storyboard;
			sourceTree = "<group>";
		};
		18B314C01A6043D600BDFAE6 /* LaunchScreen.xib */ = {
			isa = PBXVariantGroup;
			children = (
				18B314C11A6043D600BDFAE6 /* Base */,
			);
			name = LaunchScreen.xib;
			sourceTree = "<group>";
		};
/* End PBXVariantGroup section */

/* Begin XCBuildConfiguration section */
		18B314CF1A6043D700BDFAE6 /* Debug */ = {
			isa = XCBuildConfiguration;
			buildSettings = {
				ALWAYS_SEARCH_USER_PATHS = NO;
				CLANG_CXX_LANGUAGE_STANDARD = "gnu++0x";
				CLANG_CXX_LIBRARY = "libc++";
				CLANG_ENABLE_MODULES = YES;
				CLANG_ENABLE_OBJC_ARC = YES;
				CLANG_WARN_BOOL_CONVERSION = YES;
				CLANG_WARN_CONSTANT_CONVERSION = YES;
				CLANG_WARN_DIRECT_OBJC_ISA_USAGE = YES_ERROR;
				CLANG_WARN_EMPTY_BODY = YES;
				CLANG_WARN_ENUM_CONVERSION = YES;
				CLANG_WARN_INT_CONVERSION = YES;
				CLANG_WARN_OBJC_ROOT_CLASS = YES_ERROR;
				CLANG_WARN_UNREACHABLE_CODE = YES;
				CLANG_WARN__DUPLICATE_METHOD_MATCH = YES;
				"CODE_SIGN_IDENTITY[sdk=iphoneos*]" = "iPhone Developer";
				COPY_PHASE_STRIP = NO;
				ENABLE_STRICT_OBJC_MSGSEND = YES;
				GCC_C_LANGUAGE_STANDARD = gnu99;
				GCC_DYNAMIC_NO_PIC = NO;
				GCC_OPTIMIZATION_LEVEL = 0;
				GCC_PREPROCESSOR_DEFINITIONS = (
					"DEBUG=1",
					"$(inherited)",
				);
				GCC_SYMBOLS_PRIVATE_EXTERN = NO;
				GCC_WARN_64_TO_32_BIT_CONVERSION = YES;
				GCC_WARN_ABOUT_RETURN_TYPE = YES_ERROR;
				GCC_WARN_UNDECLARED_SELECTOR = YES;
				GCC_WARN_UNINITIALIZED_AUTOS = YES_AGGRESSIVE;
				GCC_WARN_UNUSED_FUNCTION = YES;
				GCC_WARN_UNUSED_VARIABLE = YES;
				IPHONEOS_DEPLOYMENT_TARGET = 8.2;
				MTL_ENABLE_DEBUG_INFO = YES;
				ONLY_ACTIVE_ARCH = YES;
				SDKROOT = iphoneos;
			};
			name = Debug;
		};
		18B314D01A6043D700BDFAE6 /* Release */ = {
			isa = XCBuildConfiguration;
			buildSettings = {
				ALWAYS_SEARCH_USER_PATHS = NO;
				CLANG_CXX_LANGUAGE_STANDARD = "gnu++0x";
				CLANG_CXX_LIBRARY = "libc++";
				CLANG_ENABLE_MODULES = YES;
				CLANG_ENABLE_OBJC_ARC = YES;
				CLANG_WARN_BOOL_CONVERSION = YES;
				CLANG_WARN_CONSTANT_CONVERSION = YES;
				CLANG_WARN_DIRECT_OBJC_ISA_USAGE = YES_ERROR;
				CLANG_WARN_EMPTY_BODY = YES;
				CLANG_WARN_ENUM_CONVERSION = YES;
				CLANG_WARN_INT_CONVERSION = YES;
				CLANG_WARN_OBJC_ROOT_CLASS = YES_ERROR;
				CLANG_WARN_UNREACHABLE_CODE = YES;
				CLANG_WARN__DUPLICATE_METHOD_MATCH = YES;
				"CODE_SIGN_IDENTITY[sdk=iphoneos*]" = "iPhone Developer";
				COPY_PHASE_STRIP = YES;
				ENABLE_NS_ASSERTIONS = NO;
				ENABLE_STRICT_OBJC_MSGSEND = YES;
				GCC_C_LANGUAGE_STANDARD = gnu99;
				GCC_WARN_64_TO_32_BIT_CONVERSION = YES;
				GCC_WARN_ABOUT_RETURN_TYPE = YES_ERROR;
				GCC_WARN_UNDECLARED_SELECTOR = YES;
				GCC_WARN_UNINITIALIZED_AUTOS = YES_AGGRESSIVE;
				GCC_WARN_UNUSED_FUNCTION = YES;
				GCC_WARN_UNUSED_VARIABLE = YES;
				IPHONEOS_DEPLOYMENT_TARGET = 8.2;
				MTL_ENABLE_DEBUG_INFO = NO;
				SDKROOT = iphoneos;
				VALIDATE_PRODUCT = YES;
			};
			name = Release;
		};
		18B314D21A6043D700BDFAE6 /* Debug */ = {
			isa = XCBuildConfiguration;
			buildSettings = {
				ASSETCATALOG_COMPILER_APPICON_NAME = AppIcon;
				INFOPLIST_FILE = codeChallenge1/Info.plist;
				LD_RUNPATH_SEARCH_PATHS = "$(inherited) @executable_path/Frameworks";
				PRODUCT_NAME = "$(TARGET_NAME)";
			};
			name = Debug;
		};
		18B314D31A6043D700BDFAE6 /* Release */ = {
			isa = XCBuildConfiguration;
			buildSettings = {
				ASSETCATALOG_COMPILER_APPICON_NAME = AppIcon;
				INFOPLIST_FILE = codeChallenge1/Info.plist;
				LD_RUNPATH_SEARCH_PATHS = "$(inherited) @executable_path/Frameworks";
				PRODUCT_NAME = "$(TARGET_NAME)";
			};
			name = Release;
		};
		18B314D51A6043D700BDFAE6 /* Debug */ = {
			isa = XCBuildConfiguration;
			buildSettings = {
				BUNDLE_LOADER = "$(TEST_HOST)";
				FRAMEWORK_SEARCH_PATHS = (
					"$(SDKROOT)/Developer/Library/Frameworks",
					"$(inherited)",
				);
				GCC_PREPROCESSOR_DEFINITIONS = (
					"DEBUG=1",
					"$(inherited)",
				);
				INFOPLIST_FILE = codeChallenge1Tests/Info.plist;
				LD_RUNPATH_SEARCH_PATHS = "$(inherited) @executable_path/Frameworks @loader_path/Frameworks";
				PRODUCT_NAME = "$(TARGET_NAME)";
				TEST_HOST = "$(BUILT_PRODUCTS_DIR)/codeChallenge1.app/codeChallenge1";
			};
			name = Debug;
		};
		18B314D61A6043D700BDFAE6 /* Release */ = {
			isa = XCBuildConfiguration;
			buildSettings = {
				BUNDLE_LOADER = "$(TEST_HOST)";
				FRAMEWORK_SEARCH_PATHS = (
					"$(SDKROOT)/Developer/Library/Frameworks",
					"$(inherited)",
				);
				INFOPLIST_FILE = codeChallenge1Tests/Info.plist;
				LD_RUNPATH_SEARCH_PATHS = "$(inherited) @executable_path/Frameworks @loader_path/Frameworks";
				PRODUCT_NAME = "$(TARGET_NAME)";
				TEST_HOST = "$(BUILT_PRODUCTS_DIR)/codeChallenge1.app/codeChallenge1";
			};
			name = Release;
		};
/* End XCBuildConfiguration section */

/* Begin XCConfigurationList section */
		18B314A91A6043D600BDFAE6 /* Build configuration list for PBXProject "codeChallenge1" */ = {
			isa = XCConfigurationList;
			buildConfigurations = (
				18B314CF1A6043D700BDFAE6 /* Debug */,
				18B314D01A6043D700BDFAE6 /* Release */,
			);
			defaultConfigurationIsVisible = 0;
			defaultConfigurationName = Release;
		};
		18B314D11A6043D700BDFAE6 /* Build configuration list for PBXNativeTarget "codeChallenge1" */ = {
			isa = XCConfigurationList;
			buildConfigurations = (
				18B314D21A6043D700BDFAE6 /* Debug */,
				18B314D31A6043D700BDFAE6 /* Release */,
			);
			defaultConfigurationIsVisible = 0;
		};
		18B314D41A6043D700BDFAE6 /* Build configuration list for PBXNativeTarget "codeChallenge1Tests" */ = {
			isa = XCConfigurationList;
			buildConfigurations = (
				18B314D51A6043D700BDFAE6 /* Debug */,
				18B314D61A6043D700BDFAE6 /* Release */,
			);
			defaultConfigurationIsVisible = 0;
		};
/* End XCConfigurationList section */
	};
	rootObject = 18B314A61A6043D600BDFAE6 /* Project object */;
}
